
Microsoft Visual Studio Solution File, Format Version 12.00
# Visual Studio Version 16
VisualStudioVersion = 16.0.29230.47
MinimumVisualStudioVersion = 10.0.40219.1
Project("{FAE04EC0-301F-11D3-BF4B-00C04F79EFBC}") = "DarkIceCodingExercise.Android", "DarkIceCodingExercise\DarkIceCodingExercise.Android\DarkIceCodingExercise.Android.csproj", "{BF4B7F23-EE83-460B-AD98-BC06C21327B1}"
EndProject
Project("{FAE04EC0-301F-11D3-BF4B-00C04F79EFBC}") = "DarkIceCodingExercise.iOS", "DarkIceCodingExercise\DarkIceCodingExercise.iOS\DarkIceCodingExercise.iOS.csproj", "{1A58FFB0-5EE0-4F80-A2DC-9170C89D380F}"
EndProject
Project("{FAE04EC0-301F-11D3-BF4B-00C04F79EFBC}") = "DarkIceCodingExercise", "DarkIceCodingExercise\DarkIceCodingExercise\DarkIceCodingExercise.csproj", "{15827FFD-50A7-4F19-9158-35A17B7B8F10}"
EndProject
Global
	GlobalSection(SolutionConfigurationPlatforms) = preSolution
		Debug|Any CPU = Debug|Any CPU
		Debug|iPhone = Debug|iPhone
		Debug|iPhoneSimulator = Debug|iPhoneSimulator
		Release|Any CPU = Release|Any CPU
		Release|iPhone = Release|iPhone
		Release|iPhoneSimulator = Release|iPhoneSimulator
	EndGlobalSection
	GlobalSection(ProjectConfigurationPlatforms) = postSolution
		{BF4B7F23-EE83-460B-AD98-BC06C21327B1}.Debug|Any CPU.ActiveCfg = Debug|Any CPU
		{BF4B7F23-EE83-460B-AD98-BC06C21327B1}.Debug|Any CPU.Build.0 = Debug|Any CPU
		{BF4B7F23-EE83-460B-AD98-BC06C21327B1}.Debug|Any CPU.Deploy.0 = Debug|Any CPU
		{BF4B7F23-EE83-460B-AD98-BC06C21327B1}.Debug|iPhone.ActiveCfg = Debug|Any CPU
		{BF4B7F23-EE83-460B-AD98-BC06C21327B1}.Debug|iPhone.Build.0 = Debug|Any CPU
		{BF4B7F23-EE83-460B-AD98-BC06C21327B1}.Debug|iPhone.Deploy.0 = Debug|Any CPU
		{BF4B7F23-EE83-460B-AD98-BC06C21327B1}.Debug|iPhoneSimulator.ActiveCfg = Debug|Any CPU
		{BF4B7F23-EE83-460B-AD98-BC06C21327B1}.Debug|iPhoneSimulator.Build.0 = Debug|Any CPU
		{BF4B7F23-EE83-460B-AD98-BC06C21327B1}.Debug|iPhoneSimulator.Deploy.0 = Debug|Any CPU
		{BF4B7F23-EE83-460B-AD98-BC06C21327B1}.Release|Any CPU.ActiveCfg = Release|Any CPU
		{BF4B7F23-EE83-460B-AD98-BC06C21327B1}.Release|Any CPU.Build.0 = Release|Any CPU
		{BF4B7F23-EE83-460B-AD98-BC06C21327B1}.Release|Any CPU.Deploy.0 = Release|Any CPU
		{BF4B7F23-EE83-460B-AD98-BC06C21327B1}.Release|iPhone.ActiveCfg = Release|Any CPU
		{BF4B7F23-EE83-460B-AD98-BC06C21327B1}.Release|iPhone.Build.0 = Release|Any CPU
		{BF4B7F23-EE83-460B-AD98-BC06C21327B1}.Release|iPhone.Deploy.0 = Release|Any CPU
		{BF4B7F23-EE83-460B-AD98-BC06C21327B1}.Release|iPhoneSimulator.ActiveCfg = Release|Any CPU
		{BF4B7F23-EE83-460B-AD98-BC06C21327B1}.Release|iPhoneSimulator.Build.0 = Release|Any CPU
		{BF4B7F23-EE83-460B-AD98-BC06C21327B1}.Release|iPhoneSimulator.Deploy.0 = Release|Any CPU
		{1A58FFB0-5EE0-4F80-A2DC-9170C89D380F}.Debug|Any CPU.ActiveCfg = Debug|iPhoneSimulator
		{1A58FFB0-5EE0-4F80-A2DC-9170C89D380F}.Debug|Any CPU.Build.0 = Debug|iPhoneSimulator
		{1A58FFB0-5EE0-4F80-A2DC-9170C89D380F}.Debug|Any CPU.Deploy.0 = Debug|iPhoneSimulator
		{1A58FFB0-5EE0-4F80-A2DC-9170C89D380F}.Debug|iPhone.ActiveCfg = Debug|iPhone
		{1A58FFB0-5EE0-4F80-A2DC-9170C89D380F}.Debug|iPhone.Build.0 = Debug|iPhone
		{1A58FFB0-5EE0-4F80-A2DC-9170C89D380F}.Debug|iPhone.Deploy.0 = Debug|iPhone
		{1A58FFB0-5EE0-4F80-A2DC-9170C89D380F}.Debug|iPhoneSimulator.ActiveCfg = Debug|iPhoneSimulator
		{1A58FFB0-5EE0-4F80-A2DC-9170C89D380F}.Debug|iPhoneSimulator.Build.0 = Debug|iPhoneSimulator
		{1A58FFB0-5EE0-4F80-A2DC-9170C89D380F}.Debug|iPhoneSimulator.Deploy.0 = Debug|iPhoneSimulator
		{1A58FFB0-5EE0-4F80-A2DC-9170C89D380F}.Release|Any CPU.ActiveCfg = Release|iPhone
		{1A58FFB0-5EE0-4F80-A2DC-9170C89D380F}.Release|Any CPU.Build.0 = Release|iPhone
		{1A58FFB0-5EE0-4F80-A2DC-9170C89D380F}.Release|Any CPU.Deploy.0 = Release|iPhone
		{1A58FFB0-5EE0-4F80-A2DC-9170C89D380F}.Release|iPhone.ActiveCfg = Release|iPhone
		{1A58FFB0-5EE0-4F80-A2DC-9170C89D380F}.Release|iPhone.Build.0 = Release|iPhone
		{1A58FFB0-5EE0-4F80-A2DC-9170C89D380F}.Release|iPhone.Deploy.0 = Release|iPhone
		{1A58FFB0-5EE0-4F80-A2DC-9170C89D380F}.Release|iPhoneSimulator.ActiveCfg = Release|iPhoneSimulator
		{1A58FFB0-5EE0-4F80-A2DC-9170C89D380F}.Release|iPhoneSimulator.Build.0 = Release|iPhoneSimulator
		{1A58FFB0-5EE0-4F80-A2DC-9170C89D380F}.Release|iPhoneSimulator.Deploy.0 = Release|iPhoneSimulator
		{15827FFD-50A7-4F19-9158-35A17B7B8F10}.Debug|Any CPU.ActiveCfg = Debug|Any CPU
		{15827FFD-50A7-4F19-9158-35A17B7B8F10}.Debug|Any CPU.Build.0 = Debug|Any CPU
		{15827FFD-50A7-4F19-9158-35A17B7B8F10}.Debug|Any CPU.Deploy.0 = Debug|Any CPU
		{15827FFD-50A7-4F19-9158-35A17B7B8F10}.Debug|iPhone.ActiveCfg = Debug|Any CPU
		{15827FFD-50A7-4F19-9158-35A17B7B8F10}.Debug|iPhone.Build.0 = Debug|Any CPU
		{15827FFD-50A7-4F19-9158-35A17B7B8F10}.Debug|iPhone.Deploy.0 = Debug|Any CPU
		{15827FFD-50A7-4F19-9158-35A17B7B8F10}.Debug|iPhoneSimulator.ActiveCfg = Debug|Any CPU
		{15827FFD-50A7-4F19-9158-35A17B7B8F10}.Debug|iPhoneSimulator.Build.0 = Debug|Any CPU
		{15827FFD-50A7-4F19-9158-35A17B7B8F10}.Debug|iPhoneSimulator.Deploy.0 = Debug|Any CPU
		{15827FFD-50A7-4F19-9158-35A17B7B8F10}.Release|Any CPU.ActiveCfg = Release|Any CPU
		{15827FFD-50A7-4F19-9158-35A17B7B8F10}.Release|Any CPU.Build.0 = Release|Any CPU
		{15827FFD-50A7-4F19-9158-35A17B7B8F10}.Release|Any CPU.Deploy.0 = Release|Any CPU
		{15827FFD-50A7-4F19-9158-35A17B7B8F10}.Release|iPhone.ActiveCfg = Release|Any CPU
		{15827FFD-50A7-4F19-9158-35A17B7B8F10}.Release|iPhone.Build.0 = Release|Any CPU
		{15827FFD-50A7-4F19-9158-35A17B7B8F10}.Release|iPhone.Deploy.0 = Release|Any CPU
		{15827FFD-50A7-4F19-9158-35A17B7B8F10}.Release|iPhoneSimulator.ActiveCfg = Release|Any CPU
		{15827FFD-50A7-4F19-9158-35A17B7B8F10}.Release|iPhoneSimulator.Build.0 = Release|Any CPU
		{15827FFD-50A7-4F19-9158-35A17B7B8F10}.Release|iPhoneSimulator.Deploy.0 = Release|Any CPU
	EndGlobalSection
	GlobalSection(SolutionProperties) = preSolution
		HideSolutionNode = FALSE
	EndGlobalSection
	GlobalSection(ExtensibilityGlobals) = postSolution
		SolutionGuid = {5F296C72-5C4E-49F2-AB70-6F0BB10087EA}
	EndGlobalSection
EndGlobal
